adler32	1.0.4	Remi Rampin <remirampin@gmail.com>	https://github.com/remram44/adler32-rs	Zlib		Minimal Adler32 implementation for Rust.
aho-corasick	0.6.10	Andrew Gallant <jamslam@gmail.com>	https://github.com/BurntSushi/aho-corasick	MIT OR Unlicense		Fast multiple substring searching with finite state machines.
aho-corasick	0.7.6	Andrew Gallant <jamslam@gmail.com>	https://github.com/BurntSushi/aho-corasick	MIT OR Unlicense		Fast multiple substring searching.
antidote	1.0.0	Steven Fackler <sfackler@gmail.com>	https://github.com/sfackler/rust-antidote	Apache-2.0 OR MIT		Poison-free versions of the standard library Mutex and RwLock types
api	0.1.0	Reto Habluetzel <rethab@protonmail.ch>				
ascii	0.9.3	Thomas Bahn <thomas@thomas-bahn.net>|Torbjørn Birch Moltu <t.b.moltu@lyse.net>|Simon Sapin <simon.sapin@exyr.org>	https://github.com/tomprogrammer/rust-ascii	Apache-2.0 OR MIT		ASCII-only equivalents to `char`, `str` and `String`.
atty	0.2.13	softprops <d.tangren@gmail.com>	https://github.com/softprops/atty	MIT		A simple interface for querying atty
autocfg	0.1.7	Josh Stone <cuviper@gmail.com>	https://github.com/cuviper/autocfg	Apache-2.0 OR MIT		Automatic cfg for Rust compiler features
backtrace	0.3.40	The Rust Project Developers	https://github.com/rust-lang/backtrace-rs	Apache-2.0 OR MIT		A library to acquire a stack trace (backtrace) at runtime in a Rust program.
backtrace-sys	0.1.32	Alex Crichton <alex@alexcrichton.com>	https://github.com/alexcrichton/backtrace-rs	Apache-2.0 OR MIT		Bindings to the libbacktrace gcc library
base64	0.10.1	Alice Maz <alice@alicemaz.com>|Marshall Pierce <marshall@mpierce.org>	https://github.com/alicemaz/rust-base64	Apache-2.0 OR MIT		encodes and decodes base64 as bytes or utf8
base64	0.9.3	Alice Maz <alice@alicemaz.com>|Marshall Pierce <marshall@mpierce.org>	https://github.com/alicemaz/rust-base64	Apache-2.0 OR MIT		encodes and decodes base64 as bytes or utf8
bitflags	1.2.1	The Rust Project Developers	https://github.com/bitflags/bitflags	Apache-2.0 OR MIT		A macro to generate structures which behave like bitflags.
byteorder	1.3.2	Andrew Gallant <jamslam@gmail.com>	https://github.com/BurntSushi/byteorder	MIT OR Unlicense		Library for reading/writing numbers in big-endian and little-endian.
bytes	0.4.12	Carl Lerche <me@carllerche.com>	https://github.com/carllerche/bytes	MIT		Types and traits for working with bytes
c2-chacha	0.2.3	The CryptoCorrosion Contributors	https://github.com/cryptocorrosion/cryptocorrosion	Apache-2.0 OR MIT		The ChaCha family of stream ciphers
cc	1.0.48	Alex Crichton <alex@alexcrichton.com>	https://github.com/alexcrichton/cc-rs	Apache-2.0 OR MIT		A build-time dependency for Cargo build scripts to assist in invoking the native C compiler to compile native C code into a static archive to be linked into Rust code.
cfg-if	0.1.10	Alex Crichton <alex@alexcrichton.com>	https://github.com/alexcrichton/cfg-if	Apache-2.0 OR MIT		A macro to ergonomically define an item depending on a large number of #[cfg] parameters. Structured like an if-else chain, the first matching branch is the item that gets emitted.
chrono	0.4.10	Kang Seonghoon <public+rust@mearie.org>|Brandon W Maister <quodlibetor@gmail.com>	https://github.com/chronotope/chrono	Apache-2.0 OR MIT		Date and time library for Rust
chrono-tz	0.4.1	Djzin	https://github.com/djzin/chrono-tz	Apache-2.0 OR MIT		TimeZone implementations for rust-chrono from the IANA database
clap	2.33.0	Kevin K. <kbknapp@gmail.com>	https://github.com/clap-rs/clap	MIT		A simple to use, efficient, and full-featured Command Line Argument Parser
cloudabi	0.0.3	Nuxi (https://nuxi.nl/) and contributors	https://github.com/nuxinl/cloudabi	BSD-2-Clause		Low level interface to CloudABI. Contains all syscalls and related types.
combine	3.8.1	Markus Westerlind <marwes91@gmail.com>	https://github.com/Marwes/combine	MIT		Fast parser combinators on arbitrary streams with zero-copy support.
cookie	0.11.1	Alex Crichton <alex@alexcrichton.com>|Sergio Benitez <sb@sergio.bz>	https://github.com/alexcrichton/cookie-rs	Apache-2.0 OR MIT		Crate for parsing HTTP cookie headers and managing a cookie jar. Supports signed and private (encrypted + signed) jars.
cookie	0.12.0	Alex Crichton <alex@alexcrichton.com>|Sergio Benitez <sb@sergio.bz>	https://github.com/alexcrichton/cookie-rs	Apache-2.0 OR MIT		Crate for parsing HTTP cookie headers and managing a cookie jar. Supports signed and private (encrypted + signed) jars.
cookie_store	0.7.0	patrick.fernie@gmail.com	https://github.com/pfernie/cookie_store	Apache-2.0 OR MIT		Implementation of Cookie storage and retrieval per [RFC6265](http://tools.ietf.org/html/rfc6265)
core-foundation	0.6.4	The Servo Project Developers	https://github.com/servo/core-foundation-rs	Apache-2.0 OR MIT		Bindings to Core Foundation for macOS
core-foundation-sys	0.6.2	The Servo Project Developers	https://github.com/servo/core-foundation-rs	Apache-2.0 OR MIT		Bindings to Core Foundation for OS X
crc32fast	1.2.0	Sam Rijs <srijs@airpost.net>|Alex Crichton <alex@alexcrichton.com>	https://github.com/srijs/rust-crc32fast	Apache-2.0 OR MIT		Fast, SIMD-accelerated CRC32 (IEEE) checksum computation
crossbeam-deque	0.7.2	The Crossbeam Project Developers	https://github.com/crossbeam-rs/crossbeam	Apache-2.0 OR MIT		Concurrent work-stealing deque
crossbeam-epoch	0.8.0	The Crossbeam Project Developers	https://github.com/crossbeam-rs/crossbeam	Apache-2.0 OR MIT		Epoch-based garbage collection
crossbeam-queue	0.1.2	The Crossbeam Project Developers	https://github.com/crossbeam-rs/crossbeam	Apache-2.0 OR MIT		Concurrent queues
crossbeam-utils	0.6.6	The Crossbeam Project Developers	https://github.com/crossbeam-rs/crossbeam	Apache-2.0 OR MIT		Utilities for concurrent programming
crossbeam-utils	0.7.0	The Crossbeam Project Developers	https://github.com/crossbeam-rs/crossbeam	Apache-2.0 OR MIT		Utilities for concurrent programming
darling	0.9.0	Ted Driggs <ted.driggs@outlook.com>	https://github.com/TedDriggs/darling	MIT		A proc-macro library for reading attributes into structs when implementing custom derives.
darling_core	0.9.0	Ted Driggs <ted.driggs@outlook.com>	https://github.com/TedDriggs/darling	MIT		Helper crate for proc-macro library for reading attributes into structs when implementing custom derives. Use https://crates.io/crates/darling in your code.
darling_macro	0.9.0	Ted Driggs <ted.driggs@outlook.com>	https://github.com/TedDriggs/darling	MIT		Internal support for a proc-macro library for reading attributes into structs when implementing custom derives. Use https://crates.io/crates/darling in your code.
derive_builder	0.7.2	Colin Kiegel <kiegel@gmx.de>|Pascal Hertleif <killercup@gmail.com>|Jan-Erik Rediger <janerik@fnordig.de>|Ted Driggs <ted.driggs@outlook.com>	https://github.com/colin-kiegel/rust-derive-builder	Apache-2.0 OR MIT		Rust macro to automatically implement the builder pattern for arbitrary structs.
derive_builder_core	0.5.0	Colin Kiegel <kiegel@gmx.de>|Pascal Hertleif <killercup@gmail.com>|Jan-Erik Rediger <janerik@fnordig.de>|Ted Driggs <ted.driggs@outlook.com>	https://github.com/colin-kiegel/rust-derive-builder	Apache-2.0 OR MIT		Internal helper library for the derive_builder crate.
derive_more	0.14.1	Jelte Fennema <github-tech@jeltef.nl>	https://github.com/JelteF/derive_more	MIT		Adds #[derive(x)] macros for more traits
devise	0.2.0	Sergio Benitez <sb@sergio.bz>	https://github.com/SergioBenitez/Devise	Apache-2.0 OR MIT		A library for devising derives and other procedural macros.
devise_codegen	0.2.0	Sergio Benitez <sb@sergio.bz>	https://github.com/SergioBenitez/Devise	Apache-2.0 OR MIT		A library for devising derives and other procedural macros.
devise_core	0.2.0	Sergio Benitez <sb@sergio.bz>	https://github.com/SergioBenitez/Devise	Apache-2.0 OR MIT		A library for devising derives and other procedural macros.
diesel	1.4.3	Sean Griffin <sean@seantheprogrammer.com>	https://github.com/diesel-rs/diesel	Apache-2.0 OR MIT		A safe, extensible ORM and Query Builder for PostgreSQL, SQLite, and MySQL
diesel_derives	1.4.1	Sean Griffin <sean@seantheprogrammer.com>	https://github.com/diesel-rs/diesel/tree/master/diesel_derives	Apache-2.0 OR MIT		You should not use this crate directly, it is internal to Diesel.
dockertest	0.0.3	Vegard Sandengen <vegard@orcalabs.no>|Jon Foss Mikalsen <jon@orcalabs.no>	https://gitlab.com/orcalabs/public/dockertest-rs	MIT		A library to control docker containers when running your integration tests.
dtoa	0.4.4	David Tolnay <dtolnay@gmail.com>	https://github.com/dtolnay/dtoa	Apache-2.0 OR MIT		Fast functions for printing floating-point primitives to an io::Write
either	1.5.3	bluss	https://github.com/bluss/either	Apache-2.0 OR MIT		The enum `Either` with variants `Left` and `Right` is a general purpose sum type with two cases.
encoding_rs	0.8.20	Henri Sivonen <hsivonen@hsivonen.fi>	https://github.com/hsivonen/encoding_rs	Apache-2.0 OR MIT		A Gecko-oriented implementation of the Encoding Standard
error-chain	0.12.1	Brian Anderson <banderson@mozilla.com>|Paul Colomiets <paul@colomiets.name>|Colin Kiegel <kiegel@gmx.de>|Yamakaky <yamakaky@yamaworld.fr>	https://github.com/rust-lang-nursery/error-chain	Apache-2.0 OR MIT		Yet another error boilerplate library.
failure	0.1.6	Without Boats <boats@mozilla.com>	https://github.com/rust-lang-nursery/failure	Apache-2.0 OR MIT		Experimental error handling abstraction.
failure_derive	0.1.6	Without Boats <woboats@gmail.com>	https://github.com/withoutboats/failure_derive	Apache-2.0 OR MIT		derives for the failure crate
filetime	0.2.8	Alex Crichton <alex@alexcrichton.com>	https://github.com/alexcrichton/filetime	Apache-2.0 OR MIT		Platform-agnostic accessors of timestamps in File metadata
flate2	1.0.13	Alex Crichton <alex@alexcrichton.com>	https://github.com/alexcrichton/flate2-rs	Apache-2.0 OR MIT		Bindings to miniz.c for DEFLATE compression and decompression exposed as Reader/Writer streams. Contains bindings for zlib, deflate, and gzip-based streams.
fnv	1.0.6	Alex Crichton <alex@alexcrichton.com>	https://github.com/servo/rust-fnv	Apache-2.0 OR MIT		Fowler–Noll–Vo hash function
foreign-types	0.3.2	Steven Fackler <sfackler@gmail.com>	https://github.com/sfackler/foreign-types	Apache-2.0 OR MIT		A framework for Rust wrappers over C APIs
foreign-types-shared	0.1.1	Steven Fackler <sfackler@gmail.com>	https://github.com/sfackler/foreign-types	Apache-2.0 OR MIT		An internal crate used by foreign-types
fsevent	0.4.0	Pierre Baillet <pierre@baillet.name>	https://github.com/octplane/fsevent-rust	MIT		Rust bindings to the fsevent-sys macOS API for file changes notifications
fsevent-sys	2.0.1	Pierre Baillet <pierre@baillet.name>	https://github.com/octplane/fsevent-rust/tree/master/fsevent-sys	MIT		Rust bindings to the fsevent macOS API for file changes notifications
fuchsia-cprng	0.1.1	Erick Tryzelaar <etryzelaar@google.com>	https://fuchsia.googlesource.com/fuchsia/+/master/garnet/public/rust/fuchsia-cprng		LICENSE	Rust crate for the Fuchsia cryptographically secure pseudorandom number generator
fuchsia-zircon	0.3.3	Raph Levien <raph@google.com>	https://fuchsia.googlesource.com/garnet/	BSD-3-Clause		Rust bindings for the Zircon kernel
fuchsia-zircon-sys	0.3.3	Raph Levien <raph@google.com>	https://fuchsia.googlesource.com/garnet/	BSD-3-Clause		Low-level Rust bindings for the Zircon kernel
futures	0.1.29	Alex Crichton <alex@alexcrichton.com>	https://github.com/rust-lang-nursery/futures-rs	Apache-2.0 OR MIT		An implementation of futures and streams featuring zero allocations, composability, and iterator-like interfaces.
futures-cpupool	0.1.8	Alex Crichton <alex@alexcrichton.com>	https://github.com/alexcrichton/futures-rs	Apache-2.0 OR MIT		An implementation of thread pools which hand out futures to the results of the computation on the threads themselves.
getrandom	0.1.13	The Rand Project Developers	https://github.com/rust-random/getrandom	Apache-2.0 OR MIT		A small cross-platform library for retrieving random data from system source
github-rs	0.7.0	Michael Gattozzi <mgattozzi@gmail.com>	https://github.com/github-rs/github-rs.git	MIT		Pure Rust bindings to the Github API
h2	0.1.26	Carl Lerche <me@carllerche.com>	https://github.com/hyperium/h2	MIT		An HTTP/2.0 client and server
half	1.4.0	Kathryn Long <squeeself@gmail.com>	https://github.com/starkat99/half-rs	Apache-2.0 OR MIT		Half-precision floating point f16 and bf16 types for Rust implementing the IEEE 754-2008 standard binary16 and bfloat16 types.
heck	0.3.1	Without Boats <woboats@gmail.com>	https://github.com/withoutboats/heck	Apache-2.0 OR MIT		heck is a case conversion library.
hermit-abi	0.1.5	Stefan Lankes	https://github.com/hermitcore/rusty-hermit	Apache-2.0 OR MIT		hermit-abi is small interface to call functions from the unikernel RustyHermit. It is used to build the target `x86_64-unknown-hermit`.
hex	0.3.2	KokaKiwi <kokakiwi@kokakiwi.net>	https://github.com/KokaKiwi/rust-hex	Apache-2.0 OR MIT		Encoding and decoding data into/from hexadecimal representation.
http	0.1.21	Alex Crichton <alex@alexcrichton.com>|Carl Lerche <me@carllerche.com>|Sean McArthur <sean@seanmonstar.com>	https://github.com/hyperium/http	Apache-2.0 OR MIT		A set of types for representing HTTP requests and responses.
httparse	1.3.4	Sean McArthur <sean@seanmonstar.com>	https://github.com/seanmonstar/httparse	Apache-2.0 OR MIT		A tiny, safe, speedy, zero-copy HTTP/1.x parser.
http-body	0.1.0	Carl Lerche <me@carllerche.com>	https://github.com/hyperium/http-body	MIT		Trait representing an asynchronous, streaming, HTTP request or response body.
hyper	0.10.16	Sean McArthur <sean.monstar@gmail.com>|Jonathan Reem <jonathan.reem@gmail.com>	https://github.com/hyperium/hyper	MIT		A modern HTTP library.
hyper	0.12.35	Sean McArthur <sean@seanmonstar.com>	https://github.com/hyperium/hyper	MIT		A fast and correct HTTP library.
hyperlocal	0.6.0	softprops <d.tangren@gmail.com>	https://github.com/softprops/hyperlocal	MIT		Hyper bindings for unix domain sockets
hyper-openssl	0.7.1	Steven Fackler <sfackler@gmail.com>	https://github.com/sfackler/hyper-openssl	Apache-2.0 OR MIT		Hyper TLS support via OpenSSL
hyper-sync-rustls	0.3.0-rc.4	Sergio Benitez <sb@sergio.bz>	https://github.com/SergioBenitez/hyper-sync-rustls	Apache-2.0 OR MIT		Glue code for Rustls and synchronous Hyper.
hyper-tls	0.3.2	Sean McArthur <sean@seanmonstar.com>	https://github.com/hyperium/hyper-tls	Apache-2.0 OR MIT		Default TLS implementation for use with hyper
ident_case	1.0.1	Ted Driggs <ted.driggs@outlook.com>	https://github.com/TedDriggs/ident_case	Apache-2.0 OR MIT		Utility for applying case rules to Rust identifiers.
idna	0.1.5	The rust-url developers	https://github.com/servo/rust-url/	Apache-2.0 OR MIT		IDNA (Internationalizing Domain Names in Applications) and Punycode.
idna	0.2.0	The rust-url developers	https://github.com/servo/rust-url/	Apache-2.0 OR MIT		IDNA (Internationalizing Domain Names in Applications) and Punycode.
indexmap	1.3.0	bluss|Josh Stone <cuviper@gmail.com>	https://github.com/bluss/indexmap	Apache-2.0 OR MIT		A hash table with consistent order and fast iteration.  The indexmap is a hash table where the iteration order of the key-value pairs is independent of the hash values of the keys. It has the usual hash table functionality, it preserves insertion order except after removals, and it allows lookup of its elements by either hash table key or numerical index. A corresponding hash set type is also provided.  This crate was initially published under the name ordermap, but it was renamed to indexmap.
inotify	0.6.1	Hanno Braun <mail@hannobraun.de>|Félix Saparelli <me@passcod.name>|Cristian Kubis <cristian.kubis@tsunix.de>|Frank Denis <github@pureftpd.org>	https://github.com/inotify-rs/inotify	ISC		Idiomatic wrapper for inotify
inotify-sys	0.1.3	Hanno Braun <hb@hannobraun.de>	https://github.com/inotify-rs/inotify-sys	ISC		inotify bindings for the Rust programming language
iovec	0.1.4	Carl Lerche <me@carllerche.com>	https://github.com/carllerche/iovec	Apache-2.0 OR MIT		Portable buffer type for scatter/gather I/O operations
itoa	0.4.4	David Tolnay <dtolnay@gmail.com>	https://github.com/dtolnay/itoa	Apache-2.0 OR MIT		Fast functions for printing integer primitives to an io::Write
kernel32-sys	0.2.2	Peter Atashian <retep998@gmail.com>	https://github.com/retep998/winapi-rs	MIT		Contains function definitions for the Windows API library kernel32. See winapi for types and constants.
language-tags	0.2.2	Pyfisch <pyfisch@gmail.com>	https://github.com/pyfisch/rust-language-tags	MIT		Language tags for Rust
lazycell	1.2.1	Alex Crichton <alex@alexcrichton.com>|Nikita Pekin <contact@nikitapek.in>	https://github.com/indiv0/lazycell	Apache-2.0 OR MIT		A library providing a lazily filled Cell struct
lazy_static	1.4.0	Marvin Löbel <loebel.marvin@gmail.com>	https://github.com/rust-lang-nursery/lazy-static.rs	Apache-2.0 OR MIT		A macro for declaring lazily evaluated statics in Rust.
libc	0.2.66	The Rust Project Developers	https://github.com/rust-lang/libc	Apache-2.0 OR MIT		Raw FFI bindings to platform libraries like libc.
lib-channels	0.1.0	Reto Habluetzel <rethab@protonmail.ch>				
lib-db	0.1.0	Reto Habluetzel <rethab@protonmail.ch>				
lib-digester	0.1.0	Reto Habluetzel <rethab@protonmail.ch>				
lib-fetcher	0.1.0	Reto Habluetzel <rethab@protonmail.ch>				
linked-hash-map	0.5.2	Stepan Koltsov <stepan.koltsov@gmail.com>|Andrew Paseltiner <apaseltiner@gmail.com>	https://github.com/contain-rs/linked-hash-map	Apache-2.0 OR MIT		A HashMap wrapper that holds key-value pairs in insertion order
linked_hash_set	0.1.3	Alex Butler <alexheretic@gmail.com>	https://github.com/alexheretic/linked-hash-set	Apache-2.0		HashSet with insertion ordering
lock_api	0.3.2	Amanieu d'Antras <amanieu@gmail.com>	https://github.com/Amanieu/parking_lot	Apache-2.0 OR MIT		Wrappers to create fully-featured Mutex and RwLock types. Compatible with no_std.
log	0.3.9	The Rust Project Developers	https://github.com/rust-lang/log	Apache-2.0 OR MIT		A lightweight logging facade for Rust
log	0.4.8	The Rust Project Developers	https://github.com/rust-lang/log	Apache-2.0 OR MIT		A lightweight logging facade for Rust
matches	0.1.8	Simon Sapin <simon.sapin@exyr.org>	https://github.com/SimonSapin/rust-std-candidates	MIT		A macro to evaluate, as a boolean, whether an expression matches a pattern.
maybe-uninit	2.0.0	est31 <MTest31@outlook.com>|The Rust Project Developers	https://github.com/est31/maybe-uninit	Apache-2.0 OR MIT		MaybeUninit for friends of backwards compatibility
memchr	2.2.1	Andrew Gallant <jamslam@gmail.com>|bluss	https://github.com/BurntSushi/rust-memchr	MIT OR Unlicense		Safe interface to memchr.
memoffset	0.5.3	Gilad Naaman <gilad.naaman@gmail.com>	https://github.com/Gilnaa/memoffset	MIT		offset_of functionality for Rust structs.
mime	0.2.6	Sean McArthur <sean.monstar@gmail.com>	https://github.com/hyperium/mime.rs	MIT		Strongly Typed Mimes
mime	0.3.14	Sean McArthur <sean@seanmonstar.com>	https://github.com/hyperium/mime	Apache-2.0 OR MIT		Strongly Typed Mimes
mime_guess	2.0.1	Austin Bonander <austin.bonander@gmail.com>	https://github.com/abonander/mime_guess	MIT		A simple crate for detection of a file's MIME type by its extension.
miniz_oxide	0.3.5	Frommi <daniil.liferenko@gmail.com>|oyvindln <oyvindln@users.noreply.github.com>	https://github.com/Frommi/miniz_oxide/tree/master/miniz_oxide	MIT		DEFLATE compression and decompression library rewritten in Rust based on miniz
mio	0.6.21	Carl Lerche <me@carllerche.com>	https://github.com/carllerche/mio	MIT		Lightweight non-blocking IO
mio-extras	2.0.6	Carl Lerche <me@carllerche.com>|David Hotham	https://github.com/dimbleby/mio-extras	Apache-2.0 OR MIT		Extra components for use with Mio
mio-uds	0.6.7	Alex Crichton <alex@alexcrichton.com>	https://github.com/alexcrichton/mio-uds	Apache-2.0 OR MIT		Unix domain socket bindings for mio
miow	0.2.1	Alex Crichton <alex@alexcrichton.com>	https://github.com/alexcrichton/miow	Apache-2.0 OR MIT		A zero overhead I/O library for Windows, focusing on IOCP and Async I/O abstractions.
name	version	authors	repository	license	license_file	description
native-tls	0.2.3	Steven Fackler <sfackler@gmail.com>	https://github.com/sfackler/rust-native-tls	Apache-2.0 OR MIT		A wrapper over a platform's native TLS implementation
net2	0.2.33	Alex Crichton <alex@alexcrichton.com>	https://github.com/rust-lang-nursery/net2-rs	Apache-2.0 OR MIT		Extensions to the standard library's networking types as proposed in RFC 1158.
notify	4.0.14	Félix Saparelli <me@passcod.name>|Jorge Israel Peña <jorge.israel.p@gmail.com>|Michael Maurizi <michael.maurizi@gmail.com>|Pierre Baillet <oct@zoy.org>|Joe Wilm <joe@jwilm.com>|Daniel Faust <hessijames@gmail.com>|Aron Heinecke <Ox0p54r36@t-online.de>	https://github.com/passcod/notify.git	CC0-1.0		Cross-platform filesystem notification library
num_cpus	1.11.1	Sean McArthur <sean@seanmonstar.com>	https://github.com/seanmonstar/num_cpus	Apache-2.0 OR MIT		Get the number of CPUs on a machine.
num-integer	0.1.41	The Rust Project Developers	https://github.com/rust-num/num-integer	Apache-2.0 OR MIT		Integer traits and functions
num-traits	0.2.10	The Rust Project Developers	https://github.com/rust-num/num-traits	Apache-2.0 OR MIT		Numeric traits for generic mathematics
openssl	0.10.26	Steven Fackler <sfackler@gmail.com>	https://github.com/sfackler/rust-openssl	Apache-2.0		OpenSSL bindings
openssl-probe	0.1.2	Alex Crichton <alex@alexcrichton.com>	https://github.com/alexcrichton/openssl-probe	Apache-2.0 OR MIT		Tool for helping to find SSL certificate locations on the system for OpenSSL
openssl-sys	0.9.53	Alex Crichton <alex@alexcrichton.com>|Steven Fackler <sfackler@gmail.com>	https://github.com/sfackler/rust-openssl	MIT		FFI bindings to OpenSSL
parking_lot	0.10.0	Amanieu d'Antras <amanieu@gmail.com>	https://github.com/Amanieu/parking_lot	Apache-2.0 OR MIT		More compact and efficient implementations of the standard synchronization primitives.
parking_lot	0.9.0	Amanieu d'Antras <amanieu@gmail.com>	https://github.com/Amanieu/parking_lot	Apache-2.0 OR MIT		More compact and efficient implementations of the standard synchronization primitives.
parking_lot_core	0.6.2	Amanieu d'Antras <amanieu@gmail.com>	https://github.com/Amanieu/parking_lot	Apache-2.0 OR MIT		An advanced API for creating custom synchronization primitives.
parking_lot_core	0.7.0	Amanieu d'Antras <amanieu@gmail.com>	https://github.com/Amanieu/parking_lot	Apache-2.0 OR MIT		An advanced API for creating custom synchronization primitives.
parse-zoneinfo	0.1.1	Djzin <djzin@users.noreply.github.com>	https://github.com/djzin/parse-zoneinfo	MIT		Parse zoneinfo files from the IANA database
pear	0.1.2	Sergio Benitez <sb@sergio.bz>		Apache-2.0 OR MIT		A pear is a fruit.
pear_codegen	0.1.2	Sergio Benitez <sb@sergio.bz>		Apache-2.0 OR MIT		A (codegen) pear is a fruit.
percent-encoding	1.0.1	The rust-url developers	https://github.com/servo/rust-url/	Apache-2.0 OR MIT		Percent encoding and decoding
percent-encoding	2.1.0	The rust-url developers	https://github.com/servo/rust-url/	Apache-2.0 OR MIT		Percent encoding and decoding
pkg-config	0.3.17	Alex Crichton <alex@alexcrichton.com>	https://github.com/rust-lang/pkg-config-rs	Apache-2.0 OR MIT		A library to run the pkg-config system tool at build time in order to be used in Cargo build scripts.
ppv-lite86	0.2.6	The CryptoCorrosion Contributors	https://github.com/cryptocorrosion/cryptocorrosion	Apache-2.0 OR MIT		Implementation of the crypto-simd API for x86
pq-sys	0.4.6	Sean Griffin <sean@seantheprogrammer.com>	https://github.com/sgrif/pq-sys	Apache-2.0 OR MIT		Auto-generated rust bindings for libpq
proc-macro2	0.4.30	Alex Crichton <alex@alexcrichton.com>	https://github.com/alexcrichton/proc-macro2	Apache-2.0 OR MIT		A stable implementation of the upcoming new `proc_macro` API. Comes with an option, off by default, to also reimplement itself in terms of the upstream unstable API.
proc-macro2	1.0.6	Alex Crichton <alex@alexcrichton.com>	https://github.com/alexcrichton/proc-macro2	Apache-2.0 OR MIT		A stable implementation of the upcoming new `proc_macro` API. Comes with an option, off by default, to also reimplement itself in terms of the upstream unstable API.
proc-macro-error	0.2.6	CreepySkeleton <creepy-skeleton@yandex.ru>	https://github.com/CreepySkeleton/proc-macro-error	MIT		Drop-in replacement to panics in proc-macros
publicsuffix	1.5.4	rushmorem <rushmore@webenchanter.com>	https://github.com/rushmorem/publicsuffix	Apache-2.0 OR MIT		Robust domain name parsing and RFC compliant email address validation
quick-xml	0.14.0	Johann Tuffe <tafia973@gmail.com>	https://github.com/tafia/quick-xml	MIT		High performance xml reader and writer
quote	0.6.13	David Tolnay <dtolnay@gmail.com>	https://github.com/dtolnay/quote	Apache-2.0 OR MIT		Quasi-quoting macro quote!(...)
quote	1.0.2	David Tolnay <dtolnay@gmail.com>	https://github.com/dtolnay/quote	Apache-2.0 OR MIT		Quasi-quoting macro quote!(...)
r2d2	0.8.7	Steven Fackler <sfackler@gmail.com>	https://github.com/sfackler/r2d2	Apache-2.0 OR MIT		A generic connection pool
r2d2_redis	0.8.0	Steven Fackler <sfackler@gmail.com>|Nev Delap <nevdelap@gmail.com>|Simo Kinnunen <simo@shoqolate.com>|Jan-Erik Rediger <janerik@fnordig.de>	https://github.com/sorccu/r2d2-redis	MIT		Redis support for the r2d2 connection pool
rand	0.6.5	The Rand Project Developers|The Rust Project Developers	https://github.com/rust-random/rand	Apache-2.0 OR MIT		Random number generators and other randomness functionality.
rand	0.7.2	The Rand Project Developers|The Rust Project Developers	https://github.com/rust-random/rand	Apache-2.0 OR MIT		Random number generators and other randomness functionality.
rand_chacha	0.1.1	The Rand Project Developers|The Rust Project Developers	https://github.com/rust-random/rand	Apache-2.0 OR MIT		ChaCha random number generator
rand_chacha	0.2.1	The Rand Project Developers|The Rust Project Developers|The CryptoCorrosion Contributors	https://github.com/rust-random/rand	Apache-2.0 OR MIT		ChaCha random number generator
rand_core	0.3.1	The Rand Project Developers|The Rust Project Developers	https://github.com/rust-random/rand	Apache-2.0 OR MIT		Core random number generator traits and tools for implementation.
rand_core	0.4.2	The Rand Project Developers|The Rust Project Developers	https://github.com/rust-random/rand	Apache-2.0 OR MIT		Core random number generator traits and tools for implementation.
rand_core	0.5.1	The Rand Project Developers|The Rust Project Developers	https://github.com/rust-random/rand	Apache-2.0 OR MIT		Core random number generator traits and tools for implementation.
rand_hc	0.1.0	The Rand Project Developers	https://github.com/rust-random/rand	Apache-2.0 OR MIT		HC128 random number generator
rand_hc	0.2.0	The Rand Project Developers	https://github.com/rust-random/rand	Apache-2.0 OR MIT		HC128 random number generator
rand_isaac	0.1.1	The Rand Project Developers|The Rust Project Developers	https://github.com/rust-random/rand	Apache-2.0 OR MIT		ISAAC random number generator
rand_jitter	0.1.4	The Rand Project Developers	https://github.com/rust-random/rand	Apache-2.0 OR MIT		Random number generator based on timing jitter
rand_os	0.1.3	The Rand Project Developers	https://github.com/rust-random/rand	Apache-2.0 OR MIT		OS backed Random Number Generator
rand_pcg	0.1.2	The Rand Project Developers	https://github.com/rust-random/rand	Apache-2.0 OR MIT		Selected PCG random number generators
rand_xorshift	0.1.1	The Rand Project Developers|The Rust Project Developers	https://github.com/rust-random/rand	Apache-2.0 OR MIT		Xorshift random number generator
rdrand	0.4.0	Simonas Kazlauskas <rdrand@kazlauskas.me>	https://github.com/nagisa/rust_rdrand/	ISC		An implementation of random number generator based on rdrand and rdseed instructions
redis	0.9.1	Armin Ronacher <armin.ronacher@active-4.com>|Jan-Erik Rediger <janerik@fnordig.de>		BSD-3-Clause		Redis driver for Rust.
redox_syscall	0.1.56	Jeremy Soller <jackpot51@gmail.com>	https://gitlab.redox-os.org/redox-os/syscall	MIT		A Rust library to access raw Redox system calls
regex	0.2.11	The Rust Project Developers	https://github.com/rust-lang/regex	Apache-2.0 OR MIT		An implementation of regular expressions for Rust. This implementation uses finite automata and guarantees linear time matching on all inputs.
regex	1.3.1	The Rust Project Developers	https://github.com/rust-lang/regex	Apache-2.0 OR MIT		An implementation of regular expressions for Rust. This implementation uses finite automata and guarantees linear time matching on all inputs.
regex-syntax	0.5.6	The Rust Project Developers	https://github.com/rust-lang/regex	Apache-2.0 OR MIT		A regular expression parser.
regex-syntax	0.6.12	The Rust Project Developers	https://github.com/rust-lang/regex	Apache-2.0 OR MIT		A regular expression parser.
remove_dir_all	0.5.2	Aaronepower <theaaronepower@gmail.com>	https://github.com/XAMPPRocky/remove_dir_all.git	Apache-2.0 OR MIT		A safe, reliable implementation of remove_dir_all for Windows
reqwest	0.9.24	Sean McArthur <sean@seanmonstar.com>	https://github.com/seanmonstar/reqwest	Apache-2.0 OR MIT		higher level HTTP client library
ring	0.13.5	Brian Smith <brian@briansmith.org>	https://github.com/briansmith/ring		LICENSE	Safe, fast, small crypto using Rust.
rocket	0.4.2	Sergio Benitez <sb@sergio.bz>	https://github.com/SergioBenitez/Rocket	Apache-2.0 OR MIT		Web framework for nightly with a focus on ease-of-use, expressibility, and speed.
rocket_codegen	0.4.2	Sergio Benitez <sb@sergio.bz>	https://github.com/SergioBenitez/Rocket	Apache-2.0 OR MIT		Procedural macros for the Rocket web framework.
rocket_contrib	0.4.2	Sergio Benitez <sb@sergio.bz>	https://github.com/SergioBenitez/Rocket	Apache-2.0 OR MIT		Community contributed libraries for the Rocket web framework.
rocket_contrib_codegen	0.4.2	Sergio Benitez <sb@sergio.bz>	https://github.com/SergioBenitez/Rocket	Apache-2.0 OR MIT		Procedural macros for the Rocket contrib libraries.
rocket_cors	0.5.1	Yong Wen Chua <me@yongwen.xyz>	https://github.com/lawliet89/rocket_cors	Apache-2.0 OR MIT		Cross-origin resource sharing (CORS) for Rocket.rs applications
rocket_http	0.4.2	Sergio Benitez <sb@sergio.bz>	https://github.com/SergioBenitez/Rocket	Apache-2.0 OR MIT		Types, traits, and parsers for HTTP requests, responses, and headers.
rocket_oauth2	0.2.0-rc.1	Jeb Rosen <jeb@jebrosen.com>	https://github.com/jebrosen/rocket_oauth2	Apache-2.0 OR MIT		OAuth2 for Rocket applications
rss	1.8.0	James Hurst <jh.jameshurst@gmail.com>|Corey Farwell <coreyf@rwell.org>|Chris Palmer <pennstate5013@gmail.com>	https://github.com/rust-syndication/rss	Apache-2.0 OR MIT		Library for serializing the RSS web content syndication format
rustc-demangle	0.1.16	Alex Crichton <alex@alexcrichton.com>	https://github.com/alexcrichton/rustc-demangle	Apache-2.0 OR MIT		Rust compiler symbol demangling.
rustc_version	0.2.3	Marvin Löbel <loebel.marvin@gmail.com>	https://github.com/Kimundi/rustc-version-rs	Apache-2.0 OR MIT		A library for querying the version of a installed rustc compiler
rustls	0.14.0	Joseph Birr-Pixton <jpixton@gmail.com>	https://github.com/ctz/rustls	Apache-2.0 OR ISC OR MIT		Rustls is a modern TLS library written in Rust.
ryu	1.0.2	David Tolnay <dtolnay@gmail.com>	https://github.com/dtolnay/ryu	Apache-2.0 OR BSL-1.0		Fast floating point to string conversion
safemem	0.3.3	Austin Bonander <austin.bonander@gmail.com>	https://github.com/abonander/safemem	Apache-2.0 OR MIT		Safe wrappers for memory-accessing functions, like `std::ptr::copy()`.
same-file	1.0.5	Andrew Gallant <jamslam@gmail.com>	https://github.com/BurntSushi/same-file	MIT OR Unlicense		A simple crate for determining whether two file paths point to the same file.
schannel	0.1.16	Steven Fackler <sfackler@gmail.com>|Steffen Butzer <steffen.butzer@outlook.com>	https://github.com/steffengy/schannel-rs	MIT		Schannel bindings for rust, allowing SSL/TLS (e.g. https) without openssl
scheduled-thread-pool	0.2.3	Steven Fackler <sfackler@gmail.com>	https://github.com/sfackler/scheduled-thread-pool	Apache-2.0 OR MIT		A scheduled thread pool
scoped-tls	0.1.2	Alex Crichton <alex@alexcrichton.com>	https://github.com/alexcrichton/scoped-tls	Apache-2.0 OR MIT		Library implementation of the standard library's old `scoped_thread_local!` macro for providing scoped access to thread local storage (TLS) so any type can be stored into TLS.
scopeguard	1.0.0	bluss	https://github.com/bluss/scopeguard	Apache-2.0 OR MIT		A RAII scope guard that will run a given closure when it goes out of scope, even if the code between panics (assuming unwinding panic).  Defines the macros `defer!`, `defer_on_unwind!`, `defer_on_success!` as shorthands for guards with one of the implemented strategies.
sct	0.4.0	Joseph Birr-Pixton <jpixton@gmail.com>	https://github.com/ctz/sct.rs	Apache-2.0 OR ISC OR MIT		Certificate transparency SCT verification library
security-framework	0.3.4	Steven Fackler <sfackler@gmail.com>|Kornel <kornel@geekhood.net>	https://github.com/kornelski/rust-security-framework	Apache-2.0 OR MIT		Security.framework bindings for macOS and iOS
security-framework-sys	0.3.3	Steven Fackler <sfackler@gmail.com>|Kornel <kornel@geekhood.net>	https://github.com/kornelski/rust-security-framework	Apache-2.0 OR MIT		Apple `Security.framework` low-level FFI bindings
semver	0.9.0	Steve Klabnik <steve@steveklabnik.com>|The Rust Project Developers	https://github.com/steveklabnik/semver	Apache-2.0 OR MIT		Semantic version parsing and comparison.
semver-parser	0.7.0	Steve Klabnik <steve@steveklabnik.com>	https://github.com/steveklabnik/semver-parser	Apache-2.0 OR MIT		Parsing of the semver spec.
serde	1.0.104	Erick Tryzelaar <erick.tryzelaar@gmail.com>|David Tolnay <dtolnay@gmail.com>	https://github.com/serde-rs/serde	Apache-2.0 OR MIT		A generic serialization/deserialization framework
serde_cbor	0.10.2	Pyfisch <pyfisch@gmail.com>|Steven Fackler <sfackler@gmail.com>	https://github.com/pyfisch/cbor	Apache-2.0 OR MIT		CBOR support for serde.
serde_derive	1.0.104	Erick Tryzelaar <erick.tryzelaar@gmail.com>|David Tolnay <dtolnay@gmail.com>	https://github.com/serde-rs/serde	Apache-2.0 OR MIT		Macros 1.1 implementation of #[derive(Serialize, Deserialize)]
serde_json	1.0.44	Erick Tryzelaar <erick.tryzelaar@gmail.com>|David Tolnay <dtolnay@gmail.com>	https://github.com/serde-rs/json	Apache-2.0 OR MIT		A JSON serialization file format
serde_urlencoded	0.5.5	Anthony Ramine <n.oxyde@gmail.com>	https://github.com/nox/serde_urlencoded	Apache-2.0 OR MIT		`x-www-form-urlencoded` meets Serde
sha1	0.6.0	Armin Ronacher <armin.ronacher@active-4.com>	https://github.com/mitsuhiko/rust-sha1	BSD-3-Clause		Minimal implementation of SHA1 for Rust.
shiplift	0.5.0	softprops <d.tangren@gmail.com>	https://github.com/softprops/shiplift	MIT		A Rust interface for maneuvering Docker containers
slab	0.4.2	Carl Lerche <me@carllerche.com>	https://github.com/carllerche/slab	MIT		Pre-allocated storage for a uniform data type
smallvec	0.6.13	Simon Sapin <simon.sapin@exyr.org>	https://github.com/servo/rust-smallvec	Apache-2.0 OR MIT		'Small vector' optimization: store up to a small number of items on the stack
smallvec	1.0.0	Simon Sapin <simon.sapin@exyr.org>	https://github.com/servo/rust-smallvec	Apache-2.0 OR MIT		'Small vector' optimization: store up to a small number of items on the stack
state	0.4.1	Sergio Benitez <sb@sergio.bz>	https://github.com/SergioBenitez/state	Apache-2.0 OR MIT		A library for safe and effortless global and thread-local state management.
string	0.2.1	Carl Lerche <me@carllerche.com>	https://github.com/carllerche/string	MIT		A UTF-8 encoded string with configurable byte storage.
strsim	0.7.0	Danny Guo <dannyguo91@gmail.com>	https://github.com/dguo/strsim-rs	MIT		Implementations of string similarity metrics. Includes Hamming, Levenshtein, OSA, Damerau-Levenshtein, Jaro, and Jaro-Winkler.
structopt	0.3.5	Guillaume Pinot <texitoi@texitoi.eu>|others	https://github.com/TeXitoi/structopt	Apache-2.0 OR MIT		Parse command line argument by defining a struct.
structopt-derive	0.3.5	Guillaume Pinot <texitoi@texitoi.eu>	https://github.com/TeXitoi/structopt	Apache-2.0 OR MIT		Parse command line argument by defining a struct, derive crate.
syn	0.15.44	David Tolnay <dtolnay@gmail.com>	https://github.com/dtolnay/syn	Apache-2.0 OR MIT		Parser for Rust source code
syn	1.0.11	David Tolnay <dtolnay@gmail.com>	https://github.com/dtolnay/syn	Apache-2.0 OR MIT		Parser for Rust source code
synstructure	0.12.3	Nika Layzell <nika@thelayzells.com>	https://github.com/mystor/synstructure	MIT		Helper methods and macros for custom derives
tar	0.4.26	Alex Crichton <alex@alexcrichton.com>	https://github.com/alexcrichton/tar-rs	Apache-2.0 OR MIT		A Rust implementation of a TAR file reader and writer. This library does not currently handle compression, but it is abstract over all I/O readers and writers. Additionally, great lengths are taken to ensure that the entire contents are never required to be entirely resident in memory all at once.
tempfile	3.1.0	Steven Allen <steven@stebalien.com>|The Rust Project Developers|Ashley Mannix <ashleymannix@live.com.au>|Jason White <jasonaw0@gmail.com>	https://github.com/Stebalien/tempfile	Apache-2.0 OR MIT		A library for managing temporary files and directories.
textwrap	0.11.0	Martin Geisler <martin@geisler.net>	https://github.com/mgeisler/textwrap	MIT		Textwrap is a small library for word wrapping, indenting, and dedenting strings.  You can use it to format strings (such as help and error messages) for display in commandline applications. It is designed to be efficient and handle Unicode characters correctly.
thread_local	0.3.6	Amanieu d'Antras <amanieu@gmail.com>	https://github.com/Amanieu/thread_local-rs	Apache-2.0 OR MIT		Per-object thread-local storage
time	0.1.42	The Rust Project Developers	https://github.com/rust-lang/time	Apache-2.0 OR MIT		Utilities for working with time-related functions in Rust.
tokio	0.1.22	Carl Lerche <me@carllerche.com>	https://github.com/tokio-rs/tokio	MIT		An event-driven, non-blocking I/O platform for writing asynchronous I/O backed applications.
tokio-buf	0.1.1	Carl Lerche <me@carllerche.com>	https://github.com/tokio-rs/tokio	MIT		Asynchronous stream of byte buffers
tokio-codec	0.1.1	Carl Lerche <me@carllerche.com>|Bryan Burgers <bryan@burgers.io>	https://github.com/tokio-rs/tokio	MIT		Utilities for encoding and decoding frames.
tokio-core	0.1.17	Carl Lerche <me@carllerche.com>	https://github.com/tokio-rs/tokio-core	Apache-2.0 OR MIT		Core I/O and event loop primitives for asynchronous I/O in Rust. Foundation for the rest of the tokio crates.
tokio-current-thread	0.1.6	Carl Lerche <me@carllerche.com>	https://github.com/tokio-rs/tokio	MIT		Single threaded executor which manage many tasks concurrently on the current thread.
tokio-executor	0.1.9	Carl Lerche <me@carllerche.com>	https://github.com/tokio-rs/tokio	MIT		Future execution primitives
tokio-fs	0.1.6	Carl Lerche <me@carllerche.com>	https://github.com/tokio-rs/tokio	MIT		Filesystem API for Tokio.
tokio-io	0.1.12	Carl Lerche <me@carllerche.com>	https://github.com/tokio-rs/tokio	MIT		Core I/O primitives for asynchronous I/O in Rust.
tokio-openssl	0.3.0	Alex Crichton <alex@alexcrichton.com>	https://github.com/alexcrichton/tokio-openssl	Apache-2.0 OR MIT		An implementation of SSL streams for Tokio backed by OpenSSL
tokio-reactor	0.1.11	Carl Lerche <me@carllerche.com>	https://github.com/tokio-rs/tokio	MIT		Event loop that drives Tokio I/O resources.
tokio-sync	0.1.7	Carl Lerche <me@carllerche.com>	https://github.com/tokio-rs/tokio	MIT		Synchronization utilities.
tokio-tcp	0.1.3	Carl Lerche <me@carllerche.com>	https://github.com/tokio-rs/tokio	MIT		TCP bindings for tokio.
tokio-threadpool	0.1.17	Carl Lerche <me@carllerche.com>	https://github.com/tokio-rs/tokio	MIT		A task scheduler backed by a work-stealing thread pool.
tokio-timer	0.2.12	Carl Lerche <me@carllerche.com>	https://github.com/tokio-rs/tokio	MIT		Timer facilities for Tokio
tokio-udp	0.1.5	Carl Lerche <me@carllerche.com>	https://github.com/tokio-rs/tokio	MIT		UDP bindings for tokio.
tokio-uds	0.2.5	Carl Lerche <me@carllerche.com>	https://github.com/tokio-rs/tokio	MIT		Unix Domain sockets for Tokio
toml	0.4.10	Alex Crichton <alex@alexcrichton.com>	https://github.com/alexcrichton/toml-rs	Apache-2.0 OR MIT		A native Rust encoder and decoder of TOML-formatted files and streams. Provides implementations of the standard Serialize/Deserialize traits for TOML data to facilitate deserializing and serializing Rust structures.
traitobject	0.1.0	Jonathan Reem <jonathan.reem@gmail.com>	https://github.com/reem/rust-traitobject.git	Apache-2.0 OR MIT		Unsafe helpers for working with raw trait objects.
try_from	0.3.2	Derek Williams <derek@fyrie.net>	https://github.com/derekjw/try_from	MIT		TryFrom and TryInto traits for failable conversions that return a Result.
try-lock	0.2.2	Sean McArthur <sean@seanmonstar.com>	https://github.com/seanmonstar/try-lock	MIT		A lightweight atomic lock.
typeable	0.1.2	Jonathan Reem <jonathan.reem@gmail.com>	https://github.com/reem/rust-typeable	MIT		Exposes Typeable, for getting TypeIds at runtime.
ucd-util	0.1.5	Andrew Gallant <jamslam@gmail.com>	https://github.com/BurntSushi/ucd-generate	Apache-2.0 OR MIT		A small utility library for working with the Unicode character database.
unicase	1.4.2	Sean McArthur <sean.monstar@gmail.com>	https://github.com/seanmonstar/unicase	MIT		A case-insensitive wrapper around strings.
unicase	2.6.0	Sean McArthur <sean@seanmonstar.com>	https://github.com/seanmonstar/unicase	Apache-2.0 OR MIT		A case-insensitive wrapper around strings.
unicase_serde	0.1.0	Yong Wen Chua <me@yongwen.xyz>	https://github.com/lawliet89/unicase_serde	Apache-2.0 OR MIT		serde Serialization and Deserialization for UniCase crate
unicode-bidi	0.3.4	The Servo Project Developers	https://github.com/servo/unicode-bidi	Apache-2.0 OR MIT		Implementation of the Unicode Bidirectional Algorithm
unicode-normalization	0.1.11	kwantam <kwantam@gmail.com>	https://github.com/unicode-rs/unicode-normalization	Apache-2.0 OR MIT		This crate provides functions for normalization of Unicode strings, including Canonical and Compatible Decomposition and Recomposition, as described in Unicode Standard Annex #15.
unicode-segmentation	1.6.0	kwantam <kwantam@gmail.com>|Manish Goregaokar <manishsmail@gmail.com>	https://github.com/unicode-rs/unicode-segmentation	Apache-2.0 OR MIT		This crate provides Grapheme Cluster, Word and Sentence boundaries according to Unicode Standard Annex #29 rules.
unicode-width	0.1.7	kwantam <kwantam@gmail.com>|Manish Goregaokar <manishsmail@gmail.com>	https://github.com/unicode-rs/unicode-width	Apache-2.0 OR MIT		Determine displayed width of `char` and `str` types according to Unicode Standard Annex #11 rules.
unicode-xid	0.1.0	erick.tryzelaar <erick.tryzelaar@gmail.com>|kwantam <kwantam@gmail.com>	https://github.com/unicode-rs/unicode-xid	Apache-2.0 OR MIT		Determine whether characters have the XID_Start or XID_Continue properties according to Unicode Standard Annex #31.
unicode-xid	0.2.0	erick.tryzelaar <erick.tryzelaar@gmail.com>|kwantam <kwantam@gmail.com>	https://github.com/unicode-rs/unicode-xid	Apache-2.0 OR MIT		Determine whether characters have the XID_Start or XID_Continue properties according to Unicode Standard Annex #31.
unreachable	1.0.0	Jonathan Reem <jonathan.reem@gmail.com>	https://github.com/reem/rust-unreachable.git	Apache-2.0 OR MIT		An unreachable code optimization hint in stable rust.
untrusted	0.6.2	Brian Smith <brian@briansmith.org>	https://github.com/briansmith/untrusted	ISC		Safe, fast, zero-panic, zero-crashing, zero-allocation parsing of untrusted inputs in Rust.
url	1.7.2	The rust-url developers	https://github.com/servo/rust-url	Apache-2.0 OR MIT		URL library for Rust, based on the WHATWG URL Standard
url	2.1.0	The rust-url developers	https://github.com/servo/rust-url	Apache-2.0 OR MIT		URL library for Rust, based on the WHATWG URL Standard
utf8-ranges	1.0.4	Andrew Gallant <jamslam@gmail.com>	https://github.com/BurntSushi/utf8-ranges	MIT OR Unlicense		DEPRECATED. Use regex-syntax::utf8 submodule instead.
uuid	0.7.4	Ashley Mannix<ashleymannix@live.com.au>|Christopher Armstrong|Dylan DPC<dylan.dpc@gmail.com>|Hunar Roop Kahlon<hunar.roop@gmail.com>	https://github.com/uuid-rs/uuid	Apache-2.0 OR MIT		A library to generate and parse UUIDs.
uuid	0.8.1	Ashley Mannix<ashleymannix@live.com.au>|Christopher Armstrong|Dylan DPC<dylan.dpc@gmail.com>|Hunar Roop Kahlon<hunar.roop@gmail.com>	https://github.com/uuid-rs/uuid	Apache-2.0 OR MIT		A library to generate and parse UUIDs.
vcpkg	0.2.8	Jim McGrath <jimmc2@gmail.com>	https://github.com/mcgoo/vcpkg-rs	Apache-2.0 OR MIT		A library to find native dependencies in a vcpkg tree at build time in order to be used in Cargo build scripts.
version_check	0.1.5	Sergio Benitez <sb@sergio.bz>	https://github.com/SergioBenitez/version_check	Apache-2.0 OR MIT		Tiny crate to check the version of the installed/running rustc.
version_check	0.9.1	Sergio Benitez <sb@sergio.bz>	https://github.com/SergioBenitez/version_check	Apache-2.0 OR MIT		Tiny crate to check the version of the installed/running rustc.
void	1.0.2	Jonathan Reem <jonathan.reem@gmail.com>	https://github.com/reem/rust-void.git	MIT		The uninhabited void type for use in statically impossible cases.
walkdir	2.2.9	Andrew Gallant <jamslam@gmail.com>	https://github.com/BurntSushi/walkdir	MIT OR Unlicense		Recursively walk a directory.
want	0.2.0	Sean McArthur <sean@seanmonstar.com>	https://github.com/seanmonstar/want	MIT		Detect when another Future wants a result.
wasi	0.7.0	The Cranelift Project Developers	https://github.com/CraneStation/rust-wasi	Apache-2.0 OR Apache-2.0 WITH LLVM-exception OR MIT		Experimental WASI API bindings for Rust
webpki	0.18.1	Brian Smith <brian@briansmith.org>	https://github.com/briansmith/webpki		LICENSE	Web PKI X.509 Certificate Verification.
webpki-roots	0.15.0	Joseph Birr-Pixton <jpixton@gmail.com>	https://github.com/ctz/webpki-roots	MPL-2.0		Mozilla's CA root certificates for use with webpki
winapi	0.2.8	Peter Atashian <retep998@gmail.com>	https://github.com/retep998/winapi-rs	MIT		Types and constants for WinAPI bindings. See README for list of crates providing function bindings.
winapi	0.3.8	Peter Atashian <retep998@gmail.com>	https://github.com/retep998/winapi-rs	Apache-2.0 OR MIT		Raw FFI bindings for all of Windows API.
winapi-build	0.1.1	Peter Atashian <retep998@gmail.com>	https://github.com/retep998/winapi-rs	MIT		Common code for build.rs in WinAPI -sys crates.
winapi-i686-pc-windows-gnu	0.4.0	Peter Atashian <retep998@gmail.com>	https://github.com/retep998/winapi-rs	Apache-2.0 OR MIT		Import libraries for the i686-pc-windows-gnu target. Please don't use this crate directly, depend on winapi instead.
winapi-util	0.1.2	Andrew Gallant <jamslam@gmail.com>	https://github.com/BurntSushi/winapi-util	MIT OR Unlicense		A dumping ground for high level safe wrappers over winapi.
winapi-x86_64-pc-windows-gnu	0.4.0	Peter Atashian <retep998@gmail.com>	https://github.com/retep998/winapi-rs	Apache-2.0 OR MIT		Import libraries for the x86_64-pc-windows-gnu target. Please don't use this crate directly, depend on winapi instead.
winreg	0.6.2	Igor Shaula <gentoo90@gmail.com>	https://github.com/gentoo90/winreg-rs	MIT		Rust bindings to MS Windows Registry API
worker	0.1.0	Reto Habluetzel <rethab@protonmail.ch>				
ws2_32-sys	0.2.1	Peter Atashian <retep998@gmail.com>	https://github.com/retep998/winapi-rs	MIT		Contains function definitions for the Windows API library ws2_32. See winapi for types and constants.
xattr	0.2.2	Steven Allen <steven@stebalien.com>	https://github.com/Stebalien/xattr	Apache-2.0 OR MIT		unix extended filesystem attributes
yansi	0.4.0	Sergio Benitez <sb@sergio.bz>	https://github.com/SergioBenitez/yansi	Apache-2.0 OR MIT		A dead simple ANSI terminal color painting library.
yansi	0.5.0	Sergio Benitez <sb@sergio.bz>	https://github.com/SergioBenitez/yansi	Apache-2.0 OR MIT		A dead simple ANSI terminal color painting library.
